// !$*UTF8*$!
{
	archiveVersion = 1;
	classes = {
	};
	objectVersion = 50;
	objects = {

/* Begin PBXBuildFile section */
		3C2BF9B42492DEAE00E0CF93 /* AppDelegate.swift in Sources */ = {isa = PBXBuildFile; fileRef = 3C2BF9B32492DEAE00E0CF93 /* AppDelegate.swift */; };
		3C2BF9B62492DEAE00E0CF93 /* SceneDelegate.swift in Sources */ = {isa = PBXBuildFile; fileRef = 3C2BF9B52492DEAE00E0CF93 /* SceneDelegate.swift */; };
		3C2BF9BA2492DEB000E0CF93 /* Assets.xcassets in Resources */ = {isa = PBXBuildFile; fileRef = 3C2BF9B92492DEB000E0CF93 /* Assets.xcassets */; };
		3C2BF9BD2492DEB000E0CF93 /* Preview Assets.xcassets in Resources */ = {isa = PBXBuildFile; fileRef = 3C2BF9BC2492DEB000E0CF93 /* Preview Assets.xcassets */; };
		3C2BF9C02492DEB000E0CF93 /* LaunchScreen.storyboard in Resources */ = {isa = PBXBuildFile; fileRef = 3C2BF9BE2492DEB000E0CF93 /* LaunchScreen.storyboard */; };
		3C2BF9CB2492DEB000E0CF93 /* LandmarksTests.swift in Sources */ = {isa = PBXBuildFile; fileRef = 3C2BF9CA2492DEB000E0CF93 /* LandmarksTests.swift */; };
		3C2BF9D62492DEB000E0CF93 /* LandmarksUITests.swift in Sources */ = {isa = PBXBuildFile; fileRef = 3C2BF9D52492DEB000E0CF93 /* LandmarksUITests.swift */; };
		3C2BF9EA2496BFBB00E0CF93 /* Default-568h@2x.png in Resources */ = {isa = PBXBuildFile; fileRef = 3C2BF9E92496BFBA00E0CF93 /* Default-568h@2x.png */; };
		3C2BF9FC2496C83500E0CF93 /* turtlerock.jpg in Resources */ = {isa = PBXBuildFile; fileRef = 3C2BF9EF2496C83400E0CF93 /* turtlerock.jpg */; };
		3C2BF9FD2496C83500E0CF93 /* landmarkData.json in Resources */ = {isa = PBXBuildFile; fileRef = 3C2BF9F02496C83400E0CF93 /* landmarkData.json */; };
		3C2BF9FE2496C83500E0CF93 /* umbagog.jpg in Resources */ = {isa = PBXBuildFile; fileRef = 3C2BF9F12496C83400E0CF93 /* umbagog.jpg */; };
		3C2BF9FF2496C83500E0CF93 /* stmarylake.jpg in Resources */ = {isa = PBXBuildFile; fileRef = 3C2BF9F22496C83400E0CF93 /* stmarylake.jpg */; };
		3C2BFA002496C83500E0CF93 /* icybay.jpg in Resources */ = {isa = PBXBuildFile; fileRef = 3C2BF9F32496C83500E0CF93 /* icybay.jpg */; };
		3C2BFA012496C83500E0CF93 /* silversalmoncreek.jpg in Resources */ = {isa = PBXBuildFile; fileRef = 3C2BF9F42496C83500E0CF93 /* silversalmoncreek.jpg */; };
		3C2BFA022496C83500E0CF93 /* twinlake.jpg in Resources */ = {isa = PBXBuildFile; fileRef = 3C2BF9F52496C83500E0CF93 /* twinlake.jpg */; };
		3C2BFA032496C83500E0CF93 /* lakemcdonald.jpg in Resources */ = {isa = PBXBuildFile; fileRef = 3C2BF9F62496C83500E0CF93 /* lakemcdonald.jpg */; };
		3C2BFA042496C83500E0CF93 /* chilkoottrail.jpg in Resources */ = {isa = PBXBuildFile; fileRef = 3C2BF9F72496C83500E0CF93 /* chilkoottrail.jpg */; };
		3C2BFA052496C83500E0CF93 /* rainbowlake.jpg in Resources */ = {isa = PBXBuildFile; fileRef = 3C2BF9F82496C83500E0CF93 /* rainbowlake.jpg */; };
		3C2BFA062496C83500E0CF93 /* hiddenlake.jpg in Resources */ = {isa = PBXBuildFile; fileRef = 3C2BF9F92496C83500E0CF93 /* hiddenlake.jpg */; };
		3C2BFA072496C83500E0CF93 /* chincoteague.jpg in Resources */ = {isa = PBXBuildFile; fileRef = 3C2BF9FA2496C83500E0CF93 /* chincoteague.jpg */; };
		3C2BFA0B2496C8B800E0CF93 /* Data.swift in Sources */ = {isa = PBXBuildFile; fileRef = 3C2BFA092496C8B800E0CF93 /* Data.swift */; };
		3C2BFA0C2496C8B800E0CF93 /* Landmark.swift in Sources */ = {isa = PBXBuildFile; fileRef = 3C2BFA0A2496C8B800E0CF93 /* Landmark.swift */; };
		3C4A7F4A24982302009918AF /* charleyrivers.jpg in Resources */ = {isa = PBXBuildFile; fileRef = 3C4A7F4924982302009918AF /* charleyrivers.jpg */; };
		3C4A7F4D24982749009918AF /* UserData.swift in Sources */ = {isa = PBXBuildFile; fileRef = 3C4A7F4C24982749009918AF /* UserData.swift */; };
		3C4A7F4F24982FBD009918AF /* Badge.swift in Sources */ = {isa = PBXBuildFile; fileRef = 3C4A7F4E24982FBD009918AF /* Badge.swift */; };
		3C4A7F512498339C009918AF /* HexagonParameters.swift in Sources */ = {isa = PBXBuildFile; fileRef = 3C4A7F502498339C009918AF /* HexagonParameters.swift */; };
		3C60C283249C190D00FB7FBF /* ProfileSummary.swift in Sources */ = {isa = PBXBuildFile; fileRef = 3C60C282249C190D00FB7FBF /* ProfileSummary.swift */; };
		3C60C286249C26D200FB7FBF /* HikeBadge.swift in Sources */ = {isa = PBXBuildFile; fileRef = 3C60C285249C26D200FB7FBF /* HikeBadge.swift */; };
		3C60C288249D185E00FB7FBF /* ProfileEditor.swift in Sources */ = {isa = PBXBuildFile; fileRef = 3C60C287249D185E00FB7FBF /* ProfileEditor.swift */; };
		3C60C28A249D67EE00FB7FBF /* PageViewController.swift in Sources */ = {isa = PBXBuildFile; fileRef = 3C60C289249D67EE00FB7FBF /* PageViewController.swift */; };
		3C60C28C249D6B0D00FB7FBF /* PageView.swift in Sources */ = {isa = PBXBuildFile; fileRef = 3C60C28B249D6B0D00FB7FBF /* PageView.swift */; };
		3C60C28E249D6C7D00FB7FBF /* FeatureCard.swift in Sources */ = {isa = PBXBuildFile; fileRef = 3C60C28D249D6C7D00FB7FBF /* FeatureCard.swift */; };
		3C60C292249D6F4C00FB7FBF /* turtlerock_feature.jpg in Resources */ = {isa = PBXBuildFile; fileRef = 3C60C28F249D6F4C00FB7FBF /* turtlerock_feature.jpg */; };
		3C60C293249D6F4C00FB7FBF /* stmarylake_feature.jpg in Resources */ = {isa = PBXBuildFile; fileRef = 3C60C290249D6F4C00FB7FBF /* stmarylake_feature.jpg */; };
		3C60C294249D6F4C00FB7FBF /* charleyrivers_feature.jpg in Resources */ = {isa = PBXBuildFile; fileRef = 3C60C291249D6F4C00FB7FBF /* charleyrivers_feature.jpg */; };
		3C60C296249D79ED00FB7FBF /* PageControl.swift in Sources */ = {isa = PBXBuildFile; fileRef = 3C60C295249D79ED00FB7FBF /* PageControl.swift */; };
		3C9725B424997D940042C124 /* MapView.swift in Sources */ = {isa = PBXBuildFile; fileRef = 3C9725AF24997D940042C124 /* MapView.swift */; };
		3C9725B524997D940042C124 /* CircleImage.swift in Sources */ = {isa = PBXBuildFile; fileRef = 3C9725B024997D940042C124 /* CircleImage.swift */; };
		3C9725B624997D940042C124 /* GraphCapsule.swift in Sources */ = {isa = PBXBuildFile; fileRef = 3C9725B124997D940042C124 /* GraphCapsule.swift */; };
		3C9725B724997D940042C124 /* RotatedBadgeSymbol.swift in Sources */ = {isa = PBXBuildFile; fileRef = 3C9725B224997D940042C124 /* RotatedBadgeSymbol.swift */; };
		3C9725B824997D940042C124 /* LandmarkRow.swift in Sources */ = {isa = PBXBuildFile; fileRef = 3C9725B324997D940042C124 /* LandmarkRow.swift */; };
		3C9725BB24997DBD0042C124 /* LandmarkDetail.swift in Sources */ = {isa = PBXBuildFile; fileRef = 3C9725B924997DBD0042C124 /* LandmarkDetail.swift */; };
		3C9725BC24997DBD0042C124 /* LandmarkList.swift in Sources */ = {isa = PBXBuildFile; fileRef = 3C9725BA24997DBD0042C124 /* LandmarkList.swift */; };
		3CB9E437249963AB00F78395 /* BadgeBackground.swift in Sources */ = {isa = PBXBuildFile; fileRef = 3CB9E436249963AB00F78395 /* BadgeBackground.swift */; };
		3CB9E439249964A600F78395 /* BadgeSymbol.swift in Sources */ = {isa = PBXBuildFile; fileRef = 3CB9E438249964A600F78395 /* BadgeSymbol.swift */; };
		3CB9E43D24997B1B00F78395 /* Hike.swift in Sources */ = {isa = PBXBuildFile; fileRef = 3CB9E43C24997B1B00F78395 /* Hike.swift */; };
		3CB9E43F24997B9C00F78395 /* HikeView.swift in Sources */ = {isa = PBXBuildFile; fileRef = 3CB9E43E24997B9C00F78395 /* HikeView.swift */; };
		3CB9E44124997BB000F78395 /* HikeDetail.swift in Sources */ = {isa = PBXBuildFile; fileRef = 3CB9E44024997BB000F78395 /* HikeDetail.swift */; };
		3CB9E44524997BC900F78395 /* HikeGraph.swift in Sources */ = {isa = PBXBuildFile; fileRef = 3CB9E44324997BC900F78395 /* HikeGraph.swift */; };
		3CBA959A24997F7600485EC0 /* hikeData.json in Resources */ = {isa = PBXBuildFile; fileRef = 3CBA959924997F7500485EC0 /* hikeData.json */; };
		3CC18141249AC487002957CE /* Home.swift in Sources */ = {isa = PBXBuildFile; fileRef = 3CC18140249AC487002957CE /* Home.swift */; };
		3CC18145249ADC5F002957CE /* CategoryRow.swift in Sources */ = {isa = PBXBuildFile; fileRef = 3CC18144249ADC5F002957CE /* CategoryRow.swift */; };
		3CC18148249ADECD002957CE /* ProfileHost.swift in Sources */ = {isa = PBXBuildFile; fileRef = 3CC18147249ADECD002957CE /* ProfileHost.swift */; };
		3CC1814A249ADF92002957CE /* Profile.swift in Sources */ = {isa = PBXBuildFile; fileRef = 3CC18149249ADF92002957CE /* Profile.swift */; };
/* End PBXBuildFile section */

/* Begin PBXContainerItemProxy section */
		3C2BF9C72492DEB000E0CF93 /* PBXContainerItemProxy */ = {
			isa = PBXContainerItemProxy;
			containerPortal = 3C2BF9A82492DEAE00E0CF93 /* Project object */;
			proxyType = 1;
			remoteGlobalIDString = 3C2BF9AF2492DEAE00E0CF93;
			remoteInfo = FoodTracker;
		};
		3C2BF9D22492DEB000E0CF93 /* PBXContainerItemProxy */ = {
			isa = PBXContainerItemProxy;
			containerPortal = 3C2BF9A82492DEAE00E0CF93 /* Project object */;
			proxyType = 1;
			remoteGlobalIDString = 3C2BF9AF2492DEAE00E0CF93;
			remoteInfo = FoodTracker;
		};
/* End PBXContainerItemProxy section */

/* Begin PBXFileReference section */
		3C2BF9B02492DEAE00E0CF93 /* Landmarks.app */ = {isa = PBXFileReference; explicitFileType = wrapper.application; includeInIndex = 0; path = Landmarks.app; sourceTree = BUILT_PRODUCTS_DIR; };
		3C2BF9B32492DEAE00E0CF93 /* AppDelegate.swift */ = {isa = PBXFileReference; lastKnownFileType = sourcecode.swift; path = AppDelegate.swift; sourceTree = "<group>"; };
		3C2BF9B52492DEAE00E0CF93 /* SceneDelegate.swift */ = {isa = PBXFileReference; lastKnownFileType = sourcecode.swift; path = SceneDelegate.swift; sourceTree = "<group>"; };
		3C2BF9B92492DEB000E0CF93 /* Assets.xcassets */ = {isa = PBXFileReference; lastKnownFileType = folder.assetcatalog; path = Assets.xcassets; sourceTree = "<group>"; };
		3C2BF9BC2492DEB000E0CF93 /* Preview Assets.xcassets */ = {isa = PBXFileReference; lastKnownFileType = folder.assetcatalog; path = "Preview Assets.xcassets"; sourceTree = "<group>"; };
		3C2BF9BF2492DEB000E0CF93 /* Base */ = {isa = PBXFileReference; lastKnownFileType = file.storyboard; name = Base; path = Base.lproj/LaunchScreen.storyboard; sourceTree = "<group>"; };
		3C2BF9C12492DEB000E0CF93 /* Info.plist */ = {isa = PBXFileReference; lastKnownFileType = text.plist.xml; path = Info.plist; sourceTree = "<group>"; };
		3C2BF9C62492DEB000E0CF93 /* LandmarksTests.xctest */ = {isa = PBXFileReference; explicitFileType = wrapper.cfbundle; includeInIndex = 0; path = LandmarksTests.xctest; sourceTree = BUILT_PRODUCTS_DIR; };
		3C2BF9CA2492DEB000E0CF93 /* LandmarksTests.swift */ = {isa = PBXFileReference; lastKnownFileType = sourcecode.swift; path = LandmarksTests.swift; sourceTree = "<group>"; };
		3C2BF9CC2492DEB000E0CF93 /* Info.plist */ = {isa = PBXFileReference; lastKnownFileType = text.plist.xml; path = Info.plist; sourceTree = "<group>"; };
		3C2BF9D12492DEB000E0CF93 /* LandmarksUITests.xctest */ = {isa = PBXFileReference; explicitFileType = wrapper.cfbundle; includeInIndex = 0; path = LandmarksUITests.xctest; sourceTree = BUILT_PRODUCTS_DIR; };
		3C2BF9D52492DEB000E0CF93 /* LandmarksUITests.swift */ = {isa = PBXFileReference; lastKnownFileType = sourcecode.swift; path = LandmarksUITests.swift; sourceTree = "<group>"; };
		3C2BF9D72492DEB000E0CF93 /* Info.plist */ = {isa = PBXFileReference; lastKnownFileType = text.plist.xml; path = Info.plist; sourceTree = "<group>"; };
		3C2BF9E92496BFBA00E0CF93 /* Default-568h@2x.png */ = {isa = PBXFileReference; lastKnownFileType = image.png; path = "Default-568h@2x.png"; sourceTree = "<group>"; };
		3C2BF9EF2496C83400E0CF93 /* turtlerock.jpg */ = {isa = PBXFileReference; lastKnownFileType = image.jpeg; path = turtlerock.jpg; sourceTree = "<group>"; };
		3C2BF9F02496C83400E0CF93 /* landmarkData.json */ = {isa = PBXFileReference; fileEncoding = 4; lastKnownFileType = text.json; path = landmarkData.json; sourceTree = "<group>"; };
		3C2BF9F12496C83400E0CF93 /* umbagog.jpg */ = {isa = PBXFileReference; lastKnownFileType = image.jpeg; path = umbagog.jpg; sourceTree = "<group>"; };
		3C2BF9F22496C83400E0CF93 /* stmarylake.jpg */ = {isa = PBXFileReference; lastKnownFileType = image.jpeg; path = stmarylake.jpg; sourceTree = "<group>"; };
		3C2BF9F32496C83500E0CF93 /* icybay.jpg */ = {isa = PBXFileReference; lastKnownFileType = image.jpeg; path = icybay.jpg; sourceTree = "<group>"; };
		3C2BF9F42496C83500E0CF93 /* silversalmoncreek.jpg */ = {isa = PBXFileReference; lastKnownFileType = image.jpeg; path = silversalmoncreek.jpg; sourceTree = "<group>"; };
		3C2BF9F52496C83500E0CF93 /* twinlake.jpg */ = {isa = PBXFileReference; lastKnownFileType = image.jpeg; path = twinlake.jpg; sourceTree = "<group>"; };
		3C2BF9F62496C83500E0CF93 /* lakemcdonald.jpg */ = {isa = PBXFileReference; lastKnownFileType = image.jpeg; path = lakemcdonald.jpg; sourceTree = "<group>"; };
		3C2BF9F72496C83500E0CF93 /* chilkoottrail.jpg */ = {isa = PBXFileReference; lastKnownFileType = image.jpeg; path = chilkoottrail.jpg; sourceTree = "<group>"; };
		3C2BF9F82496C83500E0CF93 /* rainbowlake.jpg */ = {isa = PBXFileReference; lastKnownFileType = image.jpeg; path = rainbowlake.jpg; sourceTree = "<group>"; };
		3C2BF9F92496C83500E0CF93 /* hiddenlake.jpg */ = {isa = PBXFileReference; lastKnownFileType = image.jpeg; path = hiddenlake.jpg; sourceTree = "<group>"; };
		3C2BF9FA2496C83500E0CF93 /* chincoteague.jpg */ = {isa = PBXFileReference; lastKnownFileType = image.jpeg; path = chincoteague.jpg; sourceTree = "<group>"; };
		3C2BFA092496C8B800E0CF93 /* Data.swift */ = {isa = PBXFileReference; fileEncoding = 4; lastKnownFileType = sourcecode.swift; path = Data.swift; sourceTree = "<group>"; };
		3C2BFA0A2496C8B800E0CF93 /* Landmark.swift */ = {isa = PBXFileReference; fileEncoding = 4; lastKnownFileType = sourcecode.swift; path = Landmark.swift; sourceTree = "<group>"; };
		3C4A7F4924982302009918AF /* charleyrivers.jpg */ = {isa = PBXFileReference; lastKnownFileType = image.jpeg; path = charleyrivers.jpg; sourceTree = "<group>"; };
		3C4A7F4C24982749009918AF /* UserData.swift */ = {isa = PBXFileReference; lastKnownFileType = sourcecode.swift; path = UserData.swift; sourceTree = "<group>"; };
		3C4A7F4E24982FBD009918AF /* Badge.swift */ = {isa = PBXFileReference; lastKnownFileType = sourcecode.swift; path = Badge.swift; sourceTree = "<group>"; };
		3C4A7F502498339C009918AF /* HexagonParameters.swift */ = {isa = PBXFileReference; fileEncoding = 4; lastKnownFileType = sourcecode.swift; path = HexagonParameters.swift; sourceTree = "<group>"; };
		3C60C282249C190D00FB7FBF /* ProfileSummary.swift */ = {isa = PBXFileReference; lastKnownFileType = sourcecode.swift; path = ProfileSummary.swift; sourceTree = "<group>"; };
		3C60C285249C26D200FB7FBF /* HikeBadge.swift */ = {isa = PBXFileReference; lastKnownFileType = sourcecode.swift; path = HikeBadge.swift; sourceTree = "<group>"; };
		3C60C287249D185E00FB7FBF /* ProfileEditor.swift */ = {isa = PBXFileReference; lastKnownFileType = sourcecode.swift; path = ProfileEditor.swift; sourceTree = "<group>"; };
		3C60C289249D67EE00FB7FBF /* PageViewController.swift */ = {isa = PBXFileReference; lastKnownFileType = sourcecode.swift; path = PageViewController.swift; sourceTree = "<group>"; };
		3C60C28B249D6B0D00FB7FBF /* PageView.swift */ = {isa = PBXFileReference; lastKnownFileType = sourcecode.swift; path = PageView.swift; sourceTree = "<group>"; };
		3C60C28D249D6C7D00FB7FBF /* FeatureCard.swift */ = {isa = PBXFileReference; fileEncoding = 4; lastKnownFileType = sourcecode.swift; path = FeatureCard.swift; sourceTree = "<group>"; };
		3C60C28F249D6F4C00FB7FBF /* turtlerock_feature.jpg */ = {isa = PBXFileReference; lastKnownFileType = image.jpeg; path = turtlerock_feature.jpg; sourceTree = "<group>"; };
		3C60C290249D6F4C00FB7FBF /* stmarylake_feature.jpg */ = {isa = PBXFileReference; lastKnownFileType = image.jpeg; path = stmarylake_feature.jpg; sourceTree = "<group>"; };
		3C60C291249D6F4C00FB7FBF /* charleyrivers_feature.jpg */ = {isa = PBXFileReference; lastKnownFileType = image.jpeg; path = charleyrivers_feature.jpg; sourceTree = "<group>"; };
		3C60C295249D79ED00FB7FBF /* PageControl.swift */ = {isa = PBXFileReference; lastKnownFileType = sourcecode.swift; path = PageControl.swift; sourceTree = "<group>"; };
		3C9725AF24997D940042C124 /* MapView.swift */ = {isa = PBXFileReference; fileEncoding = 4; lastKnownFileType = sourcecode.swift; path = MapView.swift; sourceTree = "<group>"; };
		3C9725B024997D940042C124 /* CircleImage.swift */ = {isa = PBXFileReference; fileEncoding = 4; lastKnownFileType = sourcecode.swift; path = CircleImage.swift; sourceTree = "<group>"; };
		3C9725B124997D940042C124 /* GraphCapsule.swift */ = {isa = PBXFileReference; fileEncoding = 4; lastKnownFileType = sourcecode.swift; path = GraphCapsule.swift; sourceTree = "<group>"; };
		3C9725B224997D940042C124 /* RotatedBadgeSymbol.swift */ = {isa = PBXFileReference; fileEncoding = 4; lastKnownFileType = sourcecode.swift; path = RotatedBadgeSymbol.swift; sourceTree = "<group>"; };
		3C9725B324997D940042C124 /* LandmarkRow.swift */ = {isa = PBXFileReference; fileEncoding = 4; lastKnownFileType = sourcecode.swift; path = LandmarkRow.swift; sourceTree = "<group>"; };
		3C9725B924997DBD0042C124 /* LandmarkDetail.swift */ = {isa = PBXFileReference; fileEncoding = 4; lastKnownFileType = sourcecode.swift; path = LandmarkDetail.swift; sourceTree = "<group>"; };
		3C9725BA24997DBD0042C124 /* LandmarkList.swift */ = {isa = PBXFileReference; fileEncoding = 4; lastKnownFileType = sourcecode.swift; path = LandmarkList.swift; sourceTree = "<group>"; };
		3CB9E436249963AB00F78395 /* BadgeBackground.swift */ = {isa = PBXFileReference; lastKnownFileType = sourcecode.swift; path = BadgeBackground.swift; sourceTree = "<group>"; };
		3CB9E438249964A600F78395 /* BadgeSymbol.swift */ = {isa = PBXFileReference; lastKnownFileType = sourcecode.swift; path = BadgeSymbol.swift; sourceTree = "<group>"; };
		3CB9E43C24997B1B00F78395 /* Hike.swift */ = {isa = PBXFileReference; fileEncoding = 4; lastKnownFileType = sourcecode.swift; path = Hike.swift; sourceTree = "<group>"; };
		3CB9E43E24997B9C00F78395 /* HikeView.swift */ = {isa = PBXFileReference; fileEncoding = 4; lastKnownFileType = sourcecode.swift; path = HikeView.swift; sourceTree = "<group>"; };
		3CB9E44024997BB000F78395 /* HikeDetail.swift */ = {isa = PBXFileReference; fileEncoding = 4; lastKnownFileType = sourcecode.swift; path = HikeDetail.swift; sourceTree = "<group>"; };
		3CB9E44324997BC900F78395 /* HikeGraph.swift */ = {isa = PBXFileReference; fileEncoding = 4; lastKnownFileType = sourcecode.swift; path = HikeGraph.swift; sourceTree = "<group>"; };
		3CBA959924997F7500485EC0 /* hikeData.json */ = {isa = PBXFileReference; fileEncoding = 4; lastKnownFileType = text.json; path = hikeData.json; sourceTree = "<group>"; };
		3CC18140249AC487002957CE /* Home.swift */ = {isa = PBXFileReference; lastKnownFileType = sourcecode.swift; path = Home.swift; sourceTree = "<group>"; };
		3CC18144249ADC5F002957CE /* CategoryRow.swift */ = {isa = PBXFileReference; fileEncoding = 4; lastKnownFileType = sourcecode.swift; path = CategoryRow.swift; sourceTree = "<group>"; };
		3CC18147249ADECD002957CE /* ProfileHost.swift */ = {isa = PBXFileReference; lastKnownFileType = sourcecode.swift; path = ProfileHost.swift; sourceTree = "<group>"; };
		3CC18149249ADF92002957CE /* Profile.swift */ = {isa = PBXFileReference; fileEncoding = 4; lastKnownFileType = sourcecode.swift; path = Profile.swift; sourceTree = "<group>"; };
/* End PBXFileReference section */

/* Begin PBXFrameworksBuildPhase section */
		3C2BF9AD2492DEAE00E0CF93 /* Frameworks */ = {
			isa = PBXFrameworksBuildPhase;
			buildActionMask = 2147483647;
			files = (
			);
			runOnlyForDeploymentPostprocessing = 0;
		};
		3C2BF9C32492DEB000E0CF93 /* Frameworks */ = {
			isa = PBXFrameworksBuildPhase;
			buildActionMask = 2147483647;
			files = (
			);
			runOnlyForDeploymentPostprocessing = 0;
		};
		3C2BF9CE2492DEB000E0CF93 /* Frameworks */ = {
			isa = PBXFrameworksBuildPhase;
			buildActionMask = 2147483647;
			files = (
			);
			runOnlyForDeploymentPostprocessing = 0;
		};
/* End PBXFrameworksBuildPhase section */

/* Begin PBXGroup section */
		3C2BF9A72492DEAE00E0CF93 = {
			isa = PBXGroup;
			children = (
				3C2BF9E92496BFBA00E0CF93 /* Default-568h@2x.png */,
				3C2BF9B22492DEAE00E0CF93 /* Landmarks */,
				3C2BF9C92492DEB000E0CF93 /* LandmarksTrackerTests */,
				3C2BF9D42492DEB000E0CF93 /* LandmarksUITests */,
				3C2BF9B12492DEAE00E0CF93 /* Products */,
			);
			sourceTree = "<group>";
		};
		3C2BF9B12492DEAE00E0CF93 /* Products */ = {
			isa = PBXGroup;
			children = (
				3C2BF9B02492DEAE00E0CF93 /* Landmarks.app */,
				3C2BF9C62492DEB000E0CF93 /* LandmarksTests.xctest */,
				3C2BF9D12492DEB000E0CF93 /* LandmarksUITests.xctest */,
			);
			name = Products;
			sourceTree = "<group>";
		};
		3C2BF9B22492DEAE00E0CF93 /* Landmarks */ = {
			isa = PBXGroup;
			children = (
				3CC18146249ADE55002957CE /* Profile */,
				3CC18144249ADC5F002957CE /* CategoryRow.swift */,
				3C9725B924997DBD0042C124 /* LandmarkDetail.swift */,
				3C9725BA24997DBD0042C124 /* LandmarkList.swift */,
				3CB9E44024997BB000F78395 /* HikeDetail.swift */,
				3CB9E43E24997B9C00F78395 /* HikeView.swift */,
				3C4A7F502498339C009918AF /* HexagonParameters.swift */,
				3C2BF9EE2496C79E00E0CF93 /* Resources */,
				3C2BF9ED2496C6F000E0CF93 /* Supporting Views */,
				3C2BF9EB2496C6D300E0CF93 /* Models */,
				3C2BF9B32492DEAE00E0CF93 /* AppDelegate.swift */,
				3C2BF9B52492DEAE00E0CF93 /* SceneDelegate.swift */,
				3C2BF9B92492DEB000E0CF93 /* Assets.xcassets */,
				3C2BF9BE2492DEB000E0CF93 /* LaunchScreen.storyboard */,
				3C2BF9C12492DEB000E0CF93 /* Info.plist */,
				3C2BF9BB2492DEB000E0CF93 /* Preview Content */,
				3CC18140249AC487002957CE /* Home.swift */,
				3C60C289249D67EE00FB7FBF /* PageViewController.swift */,
				3C60C28B249D6B0D00FB7FBF /* PageView.swift */,
				3C60C295249D79ED00FB7FBF /* PageControl.swift */,
			);
			path = Landmarks;
			sourceTree = "<group>";
		};
		3C2BF9BB2492DEB000E0CF93 /* Preview Content */ = {
			isa = PBXGroup;
			children = (
				3C2BF9BC2492DEB000E0CF93 /* Preview Assets.xcassets */,
			);
			path = "Preview Content";
			sourceTree = "<group>";
		};
		3C2BF9C92492DEB000E0CF93 /* LandmarksTrackerTests */ = {
			isa = PBXGroup;
			children = (
				3C2BF9CA2492DEB000E0CF93 /* LandmarksTests.swift */,
				3C2BF9CC2492DEB000E0CF93 /* Info.plist */,
			);
			path = LandmarksTrackerTests;
			sourceTree = "<group>";
		};
		3C2BF9D42492DEB000E0CF93 /* LandmarksUITests */ = {
			isa = PBXGroup;
			children = (
				3C2BF9D52492DEB000E0CF93 /* LandmarksUITests.swift */,
				3C2BF9D72492DEB000E0CF93 /* Info.plist */,
			);
			path = LandmarksUITests;
			sourceTree = "<group>";
		};
		3C2BF9EB2496C6D300E0CF93 /* Models */ = {
			isa = PBXGroup;
			children = (
				3CC18149249ADF92002957CE /* Profile.swift */,
				3CB9E43C24997B1B00F78395 /* Hike.swift */,
				3C2BFA092496C8B800E0CF93 /* Data.swift */,
				3C2BFA0A2496C8B800E0CF93 /* Landmark.swift */,
				3C4A7F4C24982749009918AF /* UserData.swift */,
			);
			path = Models;
			sourceTree = "<group>";
		};
		3C2BF9ED2496C6F000E0CF93 /* Supporting Views */ = {
			isa = PBXGroup;
			children = (
				3C60C28D249D6C7D00FB7FBF /* FeatureCard.swift */,
				3C9725B024997D940042C124 /* CircleImage.swift */,
				3C9725B124997D940042C124 /* GraphCapsule.swift */,
				3C9725B324997D940042C124 /* LandmarkRow.swift */,
				3C9725AF24997D940042C124 /* MapView.swift */,
				3C9725B224997D940042C124 /* RotatedBadgeSymbol.swift */,
				3CB9E44324997BC900F78395 /* HikeGraph.swift */,
				3C4A7F4E24982FBD009918AF /* Badge.swift */,
				3CB9E436249963AB00F78395 /* BadgeBackground.swift */,
				3CB9E438249964A600F78395 /* BadgeSymbol.swift */,
			);
			path = "Supporting Views";
			sourceTree = "<group>";
		};
		3C2BF9EE2496C79E00E0CF93 /* Resources */ = {
			isa = PBXGroup;
			children = (
				3C60C291249D6F4C00FB7FBF /* charleyrivers_feature.jpg */,
				3C60C290249D6F4C00FB7FBF /* stmarylake_feature.jpg */,
				3C60C28F249D6F4C00FB7FBF /* turtlerock_feature.jpg */,
				3CBA959924997F7500485EC0 /* hikeData.json */,
				3C4A7F4924982302009918AF /* charleyrivers.jpg */,
				3C2BF9F72496C83500E0CF93 /* chilkoottrail.jpg */,
				3C2BF9FA2496C83500E0CF93 /* chincoteague.jpg */,
				3C2BF9F92496C83500E0CF93 /* hiddenlake.jpg */,
				3C2BF9F32496C83500E0CF93 /* icybay.jpg */,
				3C2BF9F62496C83500E0CF93 /* lakemcdonald.jpg */,
				3C2BF9F02496C83400E0CF93 /* landmarkData.json */,
				3C2BF9F82496C83500E0CF93 /* rainbowlake.jpg */,
				3C2BF9F42496C83500E0CF93 /* silversalmoncreek.jpg */,
				3C2BF9F22496C83400E0CF93 /* stmarylake.jpg */,
				3C2BF9EF2496C83400E0CF93 /* turtlerock.jpg */,
				3C2BF9F52496C83500E0CF93 /* twinlake.jpg */,
				3C2BF9F12496C83400E0CF93 /* umbagog.jpg */,
			);
			path = Resources;
			sourceTree = "<group>";
		};
		3CC18146249ADE55002957CE /* Profile */ = {
			isa = PBXGroup;
			children = (
				3CC18147249ADECD002957CE /* ProfileHost.swift */,
				3C60C282249C190D00FB7FBF /* ProfileSummary.swift */,
				3C60C285249C26D200FB7FBF /* HikeBadge.swift */,
				3C60C287249D185E00FB7FBF /* ProfileEditor.swift */,
			);
			path = Profile;
			sourceTree = "<group>";
		};
/* End PBXGroup section */

/* Begin PBXNativeTarget section */
		3C2BF9AF2492DEAE00E0CF93 /* Landmarks */ = {
			isa = PBXNativeTarget;
			buildConfigurationList = 3C2BF9DA2492DEB000E0CF93 /* Build configuration list for PBXNativeTarget "Landmarks" */;
			buildPhases = (
				3C2BF9AC2492DEAE00E0CF93 /* Sources */,
				3C2BF9AD2492DEAE00E0CF93 /* Frameworks */,
				3C2BF9AE2492DEAE00E0CF93 /* Resources */,
			);
			buildRules = (
			);
			dependencies = (
			);
			name = Landmarks;
			productName = FoodTracker;
			productReference = 3C2BF9B02492DEAE00E0CF93 /* Landmarks.app */;
			productType = "com.apple.product-type.application";
		};
		3C2BF9C52492DEB000E0CF93 /* LandmarksTests */ = {
			isa = PBXNativeTarget;
			buildConfigurationList = 3C2BF9DD2492DEB000E0CF93 /* Build configuration list for PBXNativeTarget "LandmarksTests" */;
			buildPhases = (
				3C2BF9C22492DEB000E0CF93 /* Sources */,
				3C2BF9C32492DEB000E0CF93 /* Frameworks */,
				3C2BF9C42492DEB000E0CF93 /* Resources */,
			);
			buildRules = (
			);
			dependencies = (
				3C2BF9C82492DEB000E0CF93 /* PBXTargetDependency */,
			);
			name = LandmarksTests;
			productName = FoodTrackerTests;
			productReference = 3C2BF9C62492DEB000E0CF93 /* LandmarksTests.xctest */;
			productType = "com.apple.product-type.bundle.unit-test";
		};
		3C2BF9D02492DEB000E0CF93 /* LandmarksUITests */ = {
			isa = PBXNativeTarget;
			buildConfigurationList = 3C2BF9E02492DEB000E0CF93 /* Build configuration list for PBXNativeTarget "LandmarksUITests" */;
			buildPhases = (
				3C2BF9CD2492DEB000E0CF93 /* Sources */,
				3C2BF9CE2492DEB000E0CF93 /* Frameworks */,
				3C2BF9CF2492DEB000E0CF93 /* Resources */,
			);
			buildRules = (
			);
			dependencies = (
				3C2BF9D32492DEB000E0CF93 /* PBXTargetDependency */,
			);
			name = LandmarksUITests;
			productName = FoodTrackerUITests;
			productReference = 3C2BF9D12492DEB000E0CF93 /* LandmarksUITests.xctest */;
			productType = "com.apple.product-type.bundle.ui-testing";
		};
/* End PBXNativeTarget section */

/* Begin PBXProject section */
		3C2BF9A82492DEAE00E0CF93 /* Project object */ = {
			isa = PBXProject;
			attributes = {
				LastSwiftUpdateCheck = 1150;
				LastUpgradeCheck = 1150;
				ORGANIZATIONNAME = "Blair Petrachek";
				TargetAttributes = {
					3C2BF9AF2492DEAE00E0CF93 = {
						CreatedOnToolsVersion = 11.5;
					};
					3C2BF9C52492DEB000E0CF93 = {
						CreatedOnToolsVersion = 11.5;
						TestTargetID = 3C2BF9AF2492DEAE00E0CF93;
					};
					3C2BF9D02492DEB000E0CF93 = {
						CreatedOnToolsVersion = 11.5;
						TestTargetID = 3C2BF9AF2492DEAE00E0CF93;
					};
				};
			};
			buildConfigurationList = 3C2BF9AB2492DEAE00E0CF93 /* Build configuration list for PBXProject "Landmarks" */;
			compatibilityVersion = "Xcode 9.3";
			developmentRegion = en;
			hasScannedForEncodings = 0;
			knownRegions = (
				en,
				Base,
			);
			mainGroup = 3C2BF9A72492DEAE00E0CF93;
			productRefGroup = 3C2BF9B12492DEAE00E0CF93 /* Products */;
			projectDirPath = "";
			projectRoot = "";
			targets = (
				3C2BF9AF2492DEAE00E0CF93 /* Landmarks */,
				3C2BF9C52492DEB000E0CF93 /* LandmarksTests */,
				3C2BF9D02492DEB000E0CF93 /* LandmarksUITests */,
			);
		};
/* End PBXProject section */

/* Begin PBXResourcesBuildPhase section */
		3C2BF9AE2492DEAE00E0CF93 /* Resources */ = {
			isa = PBXResourcesBuildPhase;
			buildActionMask = 2147483647;
			files = (
				3C2BF9C02492DEB000E0CF93 /* LaunchScreen.storyboard in Resources */,
				3C2BF9EA2496BFBB00E0CF93 /* Default-568h@2x.png in Resources */,
				3C2BF9FF2496C83500E0CF93 /* stmarylake.jpg in Resources */,
				3C4A7F4A24982302009918AF /* charleyrivers.jpg in Resources */,
				3C2BF9FE2496C83500E0CF93 /* umbagog.jpg in Resources */,
				3C60C292249D6F4C00FB7FBF /* turtlerock_feature.jpg in Resources */,
				3C2BF9BD2492DEB000E0CF93 /* Preview Assets.xcassets in Resources */,
				3C2BFA012496C83500E0CF93 /* silversalmoncreek.jpg in Resources */,
				3C2BFA042496C83500E0CF93 /* chilkoottrail.jpg in Resources */,
				3C2BFA052496C83500E0CF93 /* rainbowlake.jpg in Resources */,
				3C2BFA032496C83500E0CF93 /* lakemcdonald.jpg in Resources */,
				3C2BF9BA2492DEB000E0CF93 /* Assets.xcassets in Resources */,
				3C2BF9FC2496C83500E0CF93 /* turtlerock.jpg in Resources */,
				3C60C293249D6F4C00FB7FBF /* stmarylake_feature.jpg in Resources */,
				3C2BFA002496C83500E0CF93 /* icybay.jpg in Resources */,
				3C2BF9FD2496C83500E0CF93 /* landmarkData.json in Resources */,
				3C2BFA062496C83500E0CF93 /* hiddenlake.jpg in Resources */,
				3CBA959A24997F7600485EC0 /* hikeData.json in Resources */,
				3C60C294249D6F4C00FB7FBF /* charleyrivers_feature.jpg in Resources */,
				3C2BFA072496C83500E0CF93 /* chincoteague.jpg in Resources */,
				3C2BFA022496C83500E0CF93 /* twinlake.jpg in Resources */,
			);
			runOnlyForDeploymentPostprocessing = 0;
		};
		3C2BF9C42492DEB000E0CF93 /* Resources */ = {
			isa = PBXResourcesBuildPhase;
			buildActionMask = 2147483647;
			files = (
			);
			runOnlyForDeploymentPostprocessing = 0;
		};
		3C2BF9CF2492DEB000E0CF93 /* Resources */ = {
			isa = PBXResourcesBuildPhase;
			buildActionMask = 2147483647;
			files = (
			);
			runOnlyForDeploymentPostprocessing = 0;
		};
/* End PBXResourcesBuildPhase section */

/* Begin PBXSourcesBuildPhase section */
		3C2BF9AC2492DEAE00E0CF93 /* Sources */ = {
			isa = PBXSourcesBuildPhase;
			buildActionMask = 2147483647;
			files = (
				3CC18145249ADC5F002957CE /* CategoryRow.swift in Sources */,
				3CC1814A249ADF92002957CE /* Profile.swift in Sources */,
				3C4A7F512498339C009918AF /* HexagonParameters.swift in Sources */,
				3C9725BC24997DBD0042C124 /* LandmarkList.swift in Sources */,
				3C60C28E249D6C7D00FB7FBF /* FeatureCard.swift in Sources */,
				3CC18148249ADECD002957CE /* ProfileHost.swift in Sources */,
				3C9725B424997D940042C124 /* MapView.swift in Sources */,
				3C60C28C249D6B0D00FB7FBF /* PageView.swift in Sources */,
				3C2BFA0C2496C8B800E0CF93 /* Landmark.swift in Sources */,
				3C2BF9B42492DEAE00E0CF93 /* AppDelegate.swift in Sources */,
				3C4A7F4F24982FBD009918AF /* Badge.swift in Sources */,
				3C2BFA0B2496C8B800E0CF93 /* Data.swift in Sources */,
				3CB9E43F24997B9C00F78395 /* HikeView.swift in Sources */,
				3CB9E43D24997B1B00F78395 /* Hike.swift in Sources */,
				3CB9E439249964A600F78395 /* BadgeSymbol.swift in Sources */,
				3CB9E44124997BB000F78395 /* HikeDetail.swift in Sources */,
				3CB9E44524997BC900F78395 /* HikeGraph.swift in Sources */,
				3C60C28A249D67EE00FB7FBF /* PageViewController.swift in Sources */,
				3CB9E437249963AB00F78395 /* BadgeBackground.swift in Sources */,
				3C60C286249C26D200FB7FBF /* HikeBadge.swift in Sources */,
				3CC18141249AC487002957CE /* Home.swift in Sources */,
				3C9725BB24997DBD0042C124 /* LandmarkDetail.swift in Sources */,
				3C2BF9B62492DEAE00E0CF93 /* SceneDelegate.swift in Sources */,
				3C9725B624997D940042C124 /* GraphCapsule.swift in Sources */,
				3C9725B524997D940042C124 /* CircleImage.swift in Sources */,
				3C4A7F4D24982749009918AF /* UserData.swift in Sources */,
				3C60C283249C190D00FB7FBF /* ProfileSummary.swift in Sources */,
				3C60C296249D79ED00FB7FBF /* PageControl.swift in Sources */,
				3C9725B724997D940042C124 /* RotatedBadgeSymbol.swift in Sources */,
				3C9725B824997D940042C124 /* LandmarkRow.swift in Sources */,
				3C60C288249D185E00FB7FBF /* ProfileEditor.swift in Sources */,
			);
			runOnlyForDeploymentPostprocessing = 0;
		};
		3C2BF9C22492DEB000E0CF93 /* Sources */ = {
			isa = PBXSourcesBuildPhase;
			buildActionMask = 2147483647;
			files = (
				3C2BF9CB2492DEB000E0CF93 /* LandmarksTests.swift in Sources */,
			);
			runOnlyForDeploymentPostprocessing = 0;
		};
		3C2BF9CD2492DEB000E0CF93 /* Sources */ = {
			isa = PBXSourcesBuildPhase;
			buildActionMask = 2147483647;
			files = (
				3C2BF9D62492DEB000E0CF93 /* LandmarksUITests.swift in Sources */,
			);
			runOnlyForDeploymentPostprocessing = 0;
		};
/* End PBXSourcesBuildPhase section */

/* Begin PBXTargetDependency section */
		3C2BF9C82492DEB000E0CF93 /* PBXTargetDependency */ = {
			isa = PBXTargetDependency;
			target = 3C2BF9AF2492DEAE00E0CF93 /* Landmarks */;
			targetProxy = 3C2BF9C72492DEB000E0CF93 /* PBXContainerItemProxy */;
		};
		3C2BF9D32492DEB000E0CF93 /* PBXTargetDependency */ = {
			isa = PBXTargetDependency;
			target = 3C2BF9AF2492DEAE00E0CF93 /* Landmarks */;
			targetProxy = 3C2BF9D22492DEB000E0CF93 /* PBXContainerItemProxy */;
		};
/* End PBXTargetDependency section */

/* Begin PBXVariantGroup section */
		3C2BF9BE2492DEB000E0CF93 /* LaunchScreen.storyboard */ = {
			isa = PBXVariantGroup;
			children = (
				3C2BF9BF2492DEB000E0CF93 /* Base */,
			);
			name = LaunchScreen.storyboard;
			sourceTree = "<group>";
		};
/* End PBXVariantGroup section */

/* Begin XCBuildConfiguration section */
		3C2BF9D82492DEB000E0CF93 /* Debug */ = {
			isa = XCBuildConfiguration;
			buildSettings = {
				ALWAYS_SEARCH_USER_PATHS = NO;
				CLANG_ANALYZER_NONNULL = YES;
				CLANG_ANALYZER_NUMBER_OBJECT_CONVERSION = YES_AGGRESSIVE;
				CLANG_CXX_LANGUAGE_STANDARD = "gnu++14";
				CLANG_CXX_LIBRARY = "libc++";
				CLANG_ENABLE_MODULES = YES;
				CLANG_ENABLE_OBJC_ARC = YES;
				CLANG_ENABLE_OBJC_WEAK = YES;
				CLANG_WARN_BLOCK_CAPTURE_AUTORELEASING = YES;
				CLANG_WARN_BOOL_CONVERSION = YES;
				CLANG_WARN_COMMA = YES;
				CLANG_WARN_CONSTANT_CONVERSION = YES;
				CLANG_WARN_DEPRECATED_OBJC_IMPLEMENTATIONS = YES;
				CLANG_WARN_DIRECT_OBJC_ISA_USAGE = YES_ERROR;
				CLANG_WARN_DOCUMENTATION_COMMENTS = YES;
				CLANG_WARN_EMPTY_BODY = YES;
				CLANG_WARN_ENUM_CONVERSION = YES;
				CLANG_WARN_INFINITE_RECURSION = YES;
				CLANG_WARN_INT_CONVERSION = YES;
				CLANG_WARN_NON_LITERAL_NULL_CONVERSION = YES;
				CLANG_WARN_OBJC_IMPLICIT_RETAIN_SELF = YES;
				CLANG_WARN_OBJC_LITERAL_CONVERSION = YES;
				CLANG_WARN_OBJC_ROOT_CLASS = YES_ERROR;
				CLANG_WARN_RANGE_LOOP_ANALYSIS = YES;
				CLANG_WARN_STRICT_PROTOTYPES = YES;
				CLANG_WARN_SUSPICIOUS_MOVE = YES;
				CLANG_WARN_UNGUARDED_AVAILABILITY = YES_AGGRESSIVE;
				CLANG_WARN_UNREACHABLE_CODE = YES;
				CLANG_WARN__DUPLICATE_METHOD_MATCH = YES;
				COPY_PHASE_STRIP = NO;
				DEBUG_INFORMATION_FORMAT = dwarf;
				ENABLE_STRICT_OBJC_MSGSEND = YES;
				ENABLE_TESTABILITY = YES;
				GCC_C_LANGUAGE_STANDARD = gnu11;
				GCC_DYNAMIC_NO_PIC = NO;
				GCC_NO_COMMON_BLOCKS = YES;
				GCC_OPTIMIZATION_LEVEL = 0;
				GCC_PREPROCESSOR_DEFINITIONS = (
					"DEBUG=1",
					"$(inherited)",
				);
				GCC_WARN_64_TO_32_BIT_CONVERSION = YES;
				GCC_WARN_ABOUT_RETURN_TYPE = YES_ERROR;
				GCC_WARN_UNDECLARED_SELECTOR = YES;
				GCC_WARN_UNINITIALIZED_AUTOS = YES_AGGRESSIVE;
				GCC_WARN_UNUSED_FUNCTION = YES;
				GCC_WARN_UNUSED_VARIABLE = YES;
				IPHONEOS_DEPLOYMENT_TARGET = 13.5;
				MTL_ENABLE_DEBUG_INFO = INCLUDE_SOURCE;
				MTL_FAST_MATH = YES;
				ONLY_ACTIVE_ARCH = YES;
				SDKROOT = iphoneos;
				SWIFT_ACTIVE_COMPILATION_CONDITIONS = DEBUG;
				SWIFT_OPTIMIZATION_LEVEL = "-Onone";
			};
			name = Debug;
		};
		3C2BF9D92492DEB000E0CF93 /* Release */ = {
			isa = XCBuildConfiguration;
			buildSettings = {
				ALWAYS_SEARCH_USER_PATHS = NO;
				CLANG_ANALYZER_NONNULL = YES;
				CLANG_ANALYZER_NUMBER_OBJECT_CONVERSION = YES_AGGRESSIVE;
				CLANG_CXX_LANGUAGE_STANDARD = "gnu++14";
				CLANG_CXX_LIBRARY = "libc++";
				CLANG_ENABLE_MODULES = YES;
				CLANG_ENABLE_OBJC_ARC = YES;
				CLANG_ENABLE_OBJC_WEAK = YES;
				CLANG_WARN_BLOCK_CAPTURE_AUTORELEASING = YES;
				CLANG_WARN_BOOL_CONVERSION = YES;
				CLANG_WARN_COMMA = YES;
				CLANG_WARN_CONSTANT_CONVERSION = YES;
				CLANG_WARN_DEPRECATED_OBJC_IMPLEMENTATIONS = YES;
				CLANG_WARN_DIRECT_OBJC_ISA_USAGE = YES_ERROR;
				CLANG_WARN_DOCUMENTATION_COMMENTS = YES;
				CLANG_WARN_EMPTY_BODY = YES;
				CLANG_WARN_ENUM_CONVERSION = YES;
				CLANG_WARN_INFINITE_RECURSION = YES;
				CLANG_WARN_INT_CONVERSION = YES;
				CLANG_WARN_NON_LITERAL_NULL_CONVERSION = YES;
				CLANG_WARN_OBJC_IMPLICIT_RETAIN_SELF = YES;
				CLANG_WARN_OBJC_LITERAL_CONVERSION = YES;
				CLANG_WARN_OBJC_ROOT_CLASS = YES_ERROR;
				CLANG_WARN_RANGE_LOOP_ANALYSIS = YES;
				CLANG_WARN_STRICT_PROTOTYPES = YES;
				CLANG_WARN_SUSPICIOUS_MOVE = YES;
				CLANG_WARN_UNGUARDED_AVAILABILITY = YES_AGGRESSIVE;
				CLANG_WARN_UNREACHABLE_CODE = YES;
				CLANG_WARN__DUPLICATE_METHOD_MATCH = YES;
				COPY_PHASE_STRIP = NO;
				DEBUG_INFORMATION_FORMAT = "dwarf-with-dsym";
				ENABLE_NS_ASSERTIONS = NO;
				ENABLE_STRICT_OBJC_MSGSEND = YES;
				GCC_C_LANGUAGE_STANDARD = gnu11;
				GCC_NO_COMMON_BLOCKS = YES;
				GCC_WARN_64_TO_32_BIT_CONVERSION = YES;
				GCC_WARN_ABOUT_RETURN_TYPE = YES_ERROR;
				GCC_WARN_UNDECLARED_SELECTOR = YES;
				GCC_WARN_UNINITIALIZED_AUTOS = YES_AGGRESSIVE;
				GCC_WARN_UNUSED_FUNCTION = YES;
				GCC_WARN_UNUSED_VARIABLE = YES;
				IPHONEOS_DEPLOYMENT_TARGET = 13.5;
				MTL_ENABLE_DEBUG_INFO = NO;
				MTL_FAST_MATH = YES;
				SDKROOT = iphoneos;
				SWIFT_COMPILATION_MODE = wholemodule;
				SWIFT_OPTIMIZATION_LEVEL = "-O";
				VALIDATE_PRODUCT = YES;
			};
			name = Release;
		};
		3C2BF9DB2492DEB000E0CF93 /* Debug */ = {
			isa = XCBuildConfiguration;
			buildSettings = {
				ASSETCATALOG_COMPILER_APPICON_NAME = AppIcon;
				CODE_SIGN_IDENTITY = "Apple Development";
				CODE_SIGN_STYLE = Automatic;
				DEVELOPMENT_ASSET_PATHS = "\"Landmarks/Preview Content\"";
				DEVELOPMENT_TEAM = 2Z5A22263G;
				ENABLE_PREVIEWS = YES;
				INFOPLIST_FILE = Landmarks/Info.plist;
				LD_RUNPATH_SEARCH_PATHS = (
					"$(inherited)",
					"@executable_path/Frameworks",
				);
				PRODUCT_BUNDLE_IDENTIFIER = OranageHasu.Landmarks;
				PRODUCT_NAME = Landmarks;
				PROVISIONING_PROFILE_SPECIFIER = "";
				SWIFT_VERSION = 5.0;
				TARGETED_DEVICE_FAMILY = "1,2";
			};
			name = Debug;
		};
		3C2BF9DC2492DEB000E0CF93 /* Release */ = {
			isa = XCBuildConfiguration;
			buildSettings = {
				ASSETCATALOG_COMPILER_APPICON_NAME = AppIcon;
				CODE_SIGN_IDENTITY = "Apple Development";
				CODE_SIGN_STYLE = Automatic;
				DEVELOPMENT_ASSET_PATHS = "\"Landmarks/Preview Content\"";
				DEVELOPMENT_TEAM = 2Z5A22263G;
				ENABLE_PREVIEWS = YES;
				INFOPLIST_FILE = Landmarks/Info.plist;
				LD_RUNPATH_SEARCH_PATHS = (
					"$(inherited)",
					"@executable_path/Frameworks",
				);
				PRODUCT_BUNDLE_IDENTIFIER = OranageHasu.Landmarks;
				PRODUCT_NAME = Landmarks;
				PROVISIONING_PROFILE_SPECIFIER = "";
				SWIFT_VERSION = 5.0;
				TARGETED_DEVICE_FAMILY = "1,2";
			};
			name = Release;
		};
		3C2BF9DE2492DEB000E0CF93 /* Debug */ = {
			isa = XCBuildConfiguration;
			buildSettings = {
				ALWAYS_EMBED_SWIFT_STANDARD_LIBRARIES = YES;
				BUNDLE_LOADER = "$(TEST_HOST)";
				CODE_SIGN_STYLE = Automatic;
				INFOPLIST_FILE = FoodTrackerTests/Info.plist;
				IPHONEOS_DEPLOYMENT_TARGET = 13.5;
				LD_RUNPATH_SEARCH_PATHS = (
					"$(inherited)",
					"@executable_path/Frameworks",
					"@loader_path/Frameworks",
				);
				PRODUCT_BUNDLE_IDENTIFIER = OranageHasu.FoodTrackerTests;
				PRODUCT_NAME = "$(TARGET_NAME)";
				SWIFT_VERSION = 5.0;
				TARGETED_DEVICE_FAMILY = "1,2";
				TEST_HOST = "$(BUILT_PRODUCTS_DIR)/Landmarks.app/Landmarks";
			};
			name = Debug;
		};
		3C2BF9DF2492DEB000E0CF93 /* Release */ = {
			isa = XCBuildConfiguration;
			buildSettings = {
				ALWAYS_EMBED_SWIFT_STANDARD_LIBRARIES = YES;
				BUNDLE_LOADER = "$(TEST_HOST)";
				CODE_SIGN_STYLE = Automatic;
				INFOPLIST_FILE = FoodTrackerTests/Info.plist;
				IPHONEOS_DEPLOYMENT_TARGET = 13.5;
				LD_RUNPATH_SEARCH_PATHS = (
					"$(inherited)",
					"@executable_path/Frameworks",
					"@loader_path/Frameworks",
				);
				PRODUCT_BUNDLE_IDENTIFIER = OranageHasu.FoodTrackerTests;
				PRODUCT_NAME = "$(TARGET_NAME)";
				SWIFT_VERSION = 5.0;
				TARGETED_DEVICE_FAMILY = "1,2";
				TEST_HOST = "$(BUILT_PRODUCTS_DIR)/Landmarks.app/Landmarks";
			};
			name = Release;
		};
		3C2BF9E12492DEB000E0CF93 /* Debug */ = {
			isa = XCBuildConfiguration;
			buildSettings = {
				ALWAYS_EMBED_SWIFT_STANDARD_LIBRARIES = YES;
				CODE_SIGN_STYLE = Automatic;
				INFOPLIST_FILE = FoodTrackerUITests/Info.plist;
				LD_RUNPATH_SEARCH_PATHS = (
					"$(inherited)",
					"@executable_path/Frameworks",
					"@loader_path/Frameworks",
				);
				PRODUCT_BUNDLE_IDENTIFIER = OranageHasu.FoodTrackerUITests;
				PRODUCT_NAME = "$(TARGET_NAME)";
				SWIFT_VERSION = 5.0;
				TARGETED_DEVICE_FAMILY = "1,2";
				TEST_TARGET_NAME = FoodTracker;
			};
			name = Debug;
		};
		3C2BF9E22492DEB000E0CF93 /* Release */ = {
			isa = XCBuildConfiguration;
			buildSettings = {
				ALWAYS_EMBED_SWIFT_STANDARD_LIBRARIES = YES;
				CODE_SIGN_STYLE = Automatic;
				INFOPLIST_FILE = FoodTrackerUITests/Info.plist;
				LD_RUNPATH_SEARCH_PATHS = (
					"$(inherited)",
					"@executable_path/Frameworks",
					"@loader_path/Frameworks",
				);
				PRODUCT_BUNDLE_IDENTIFIER = OranageHasu.FoodTrackerUITests;
				PRODUCT_NAME = "$(TARGET_NAME)";
				SWIFT_VERSION = 5.0;
				TARGETED_DEVICE_FAMILY = "1,2";
				TEST_TARGET_NAME = FoodTracker;
			};
			name = Release;
		};
/* End XCBuildConfiguration section */

/* Begin XCConfigurationList section */
		3C2BF9AB2492DEAE00E0CF93 /* Build configuration list for PBXProject "Landmarks" */ = {
			isa = XCConfigurationList;
			buildConfigurations = (
				3C2BF9D82492DEB000E0CF93 /* Debug */,
				3C2BF9D92492DEB000E0CF93 /* Release */,
			);
			defaultConfigurationIsVisible = 0;
			defaultConfigurationName = Release;
		};
		3C2BF9DA2492DEB000E0CF93 /* Build configuration list for PBXNativeTarget "Landmarks" */ = {
			isa = XCConfigurationList;
			buildConfigurations = (
				3C2BF9DB2492DEB000E0CF93 /* Debug */,
				3C2BF9DC2492DEB000E0CF93 /* Release */,
			);
			defaultConfigurationIsVisible = 0;
			defaultConfigurationName = Release;
		};
		3C2BF9DD2492DEB000E0CF93 /* Build configuration list for PBXNativeTarget "LandmarksTests" */ = {
			isa = XCConfigurationList;
			buildConfigurations = (
				3C2BF9DE2492DEB000E0CF93 /* Debug */,
				3C2BF9DF2492DEB000E0CF93 /* Release */,
			);
			defaultConfigurationIsVisible = 0;
			defaultConfigurationName = Release;
		};
		3C2BF9E02492DEB000E0CF93 /* Build configuration list for PBXNativeTarget "LandmarksUITests" */ = {
			isa = XCConfigurationList;
			buildConfigurations = (
				3C2BF9E12492DEB000E0CF93 /* Debug */,
				3C2BF9E22492DEB000E0CF93 /* Release */,
			);
			defaultConfigurationIsVisible = 0;
			defaultConfigurationName = Release;
		};
/* End XCConfigurationList section */
	};
	rootObject = 3C2BF9A82492DEAE00E0CF93 /* Project object */;
}
